{
  "name": "verify-1",
  "version": "1.0.0",
  "lockfileVersion": 3,
  "requires": true,
  "packages": {
    "": {
      "name": "verify-1",
      "version": "1.0.0",
      "license": "ISC",
      "dependencies": {
        "@dfinity/standalone-sig-verifier-web": "^1.0.0"
      }
    },
    "node_modules/@dfinity/standalone-sig-verifier-web": {
      "version": "1.0.0",
      "resolved": "https://registry.npmjs.org/@dfinity/standalone-sig-verifier-web/-/standalone-sig-verifier-web-1.0.0.tgz",
      "integrity": "sha512-DxtSjxIk/TUWSisFJigdF50UR2YSH2oxNcFgArc3gfeqyv7lgEhzAsJdt1vKT8ci0TpUgGggOQAvMb5PE2ISYQ=="
    }
  }
}
